gitlab.com/gomidi/midi v1.21.0/go.mod h1:3ohtNOhqoSakkuLG/Li1OI6I3J1c2LErnJF5o/VBq1c=
gitlab.com/gomidi/midi v1.23.7 h1:I6qKoIk9s9dcX+pNf0jC+tziCzJFn82bMpuntRkLeik=
gitlab.com/gomidi/midi v1.23.7/go.mod h1:3ohtNOhqoSakkuLG/Li1OI6I3J1c2LErnJF5o/VBq1c=
gitlab.com/gomidi/rtmididrv v0.13.0 h1:fMX5Wt2wmdt+gJtR7K3ZGvNV4RzdRgS8AquHZ9wW1Zs=
gitlab.com/gomidi/rtmididrv v0.13.0/go.mod h1:p/6IL1LGgj7utcv3wXudsDWiD9spgAdn0O8LDsGIPG0=
